
Microsoft Visual Studio Solution File, Format Version 12.00
# Visual Studio Version 17
VisualStudioVersion = 17.13.35931.197
MinimumVisualStudioVersion = 10.0.40219.1
Project("{FAE04EC0-301F-11D3-BF4B-00C04F79EFBC}") = "Management Hotel 2025", "Management Hotel 2025\Management Hotel 2025.csproj", "{CBECAAD1-330F-4D82-9833-8F4876980F55}"
EndProject
Project("{FAE04EC0-301F-11D3-BF4B-00C04F79EFBC}") = "TEST", "TEST\TEST.csproj", "{B52D3652-8259-4788-9892-882E67708A98}"
EndProject
Project("{FAE04EC0-301F-11D3-BF4B-00C04F79EFBC}") = "API_BookingHotel", "API_BookingHotel\API_BookingHotel.csproj", "{7463B188-B8E2-46E5-8307-FFA3028BBC5E}"
EndProject
Project("{FAE04EC0-301F-11D3-BF4B-00C04F79EFBC}") = "Temperature", "Temperature\Temperature.csproj", "{5B8A28DF-DCD6-454C-8893-CBD19807A97E}"
EndProject
Global
	GlobalSection(SolutionConfigurationPlatforms) = preSolution
		Debug|Any CPU = Debug|Any CPU
		Release|Any CPU = Release|Any CPU
	EndGlobalSection
	GlobalSection(ProjectConfigurationPlatforms) = postSolution
		{CBECAAD1-330F-4D82-9833-8F4876980F55}.Debug|Any CPU.ActiveCfg = Debug|Any CPU
		{CBECAAD1-330F-4D82-9833-8F4876980F55}.Debug|Any CPU.Build.0 = Debug|Any CPU
		{CBECAAD1-330F-4D82-9833-8F4876980F55}.Release|Any CPU.ActiveCfg = Release|Any CPU
		{CBECAAD1-330F-4D82-9833-8F4876980F55}.Release|Any CPU.Build.0 = Release|Any CPU
		{B52D3652-8259-4788-9892-882E67708A98}.Debug|Any CPU.ActiveCfg = Debug|Any CPU
		{B52D3652-8259-4788-9892-882E67708A98}.Debug|Any CPU.Build.0 = Debug|Any CPU
		{B52D3652-8259-4788-9892-882E67708A98}.Release|Any CPU.ActiveCfg = Release|Any CPU
		{B52D3652-8259-4788-9892-882E67708A98}.Release|Any CPU.Build.0 = Release|Any CPU
		{7463B188-B8E2-46E5-8307-FFA3028BBC5E}.Debug|Any CPU.ActiveCfg = Debug|Any CPU
		{7463B188-B8E2-46E5-8307-FFA3028BBC5E}.Debug|Any CPU.Build.0 = Debug|Any CPU
		{7463B188-B8E2-46E5-8307-FFA3028BBC5E}.Release|Any CPU.ActiveCfg = Release|Any CPU
		{7463B188-B8E2-46E5-8307-FFA3028BBC5E}.Release|Any CPU.Build.0 = Release|Any CPU
		{5B8A28DF-DCD6-454C-8893-CBD19807A97E}.Debug|Any CPU.ActiveCfg = Debug|Any CPU
		{5B8A28DF-DCD6-454C-8893-CBD19807A97E}.Debug|Any CPU.Build.0 = Debug|Any CPU
		{5B8A28DF-DCD6-454C-8893-CBD19807A97E}.Release|Any CPU.ActiveCfg = Release|Any CPU
		{5B8A28DF-DCD6-454C-8893-CBD19807A97E}.Release|Any CPU.Build.0 = Release|Any CPU
	EndGlobalSection
	GlobalSection(SolutionProperties) = preSolution
		HideSolutionNode = FALSE
	EndGlobalSection
	GlobalSection(ExtensibilityGlobals) = postSolution
		SolutionGuid = {0380AD96-0C43-4636-932E-75F03BFADD39}
	EndGlobalSection
EndGlobal
